
Microsoft Visual Studio Solution File, Format Version 12.00
# Visual Studio Version 17
VisualStudioVersion = 17.7.34221.43
MinimumVisualStudioVersion = 10.0.40219.1
Project("{FAE04EC0-301F-11D3-BF4B-00C04F79EFBC}") = "ES04_VolaPassaggioDatiProperty", "ES04_VolaPassaggioDatiProperty\ES04_VolaPassaggioDatiProperty.csproj", "{49816246-3F8B-4074-B0DE-5E49AB10B303}"
EndProject
Global
	GlobalSection(SolutionConfigurationPlatforms) = preSolution
		Debug|Any CPU = Debug|Any CPU
		Release|Any CPU = Release|Any CPU
	EndGlobalSection
	GlobalSection(ProjectConfigurationPlatforms) = postSolution
		{49816246-3F8B-4074-B0DE-5E49AB10B303}.Debug|Any CPU.ActiveCfg = Debug|Any CPU
		{49816246-3F8B-4074-B0DE-5E49AB10B303}.Debug|Any CPU.Build.0 = Debug|Any CPU
		{49816246-3F8B-4074-B0DE-5E49AB10B303}.Release|Any CPU.ActiveCfg = Release|Any CPU
		{49816246-3F8B-4074-B0DE-5E49AB10B303}.Release|Any CPU.Build.0 = Release|Any CPU
	EndGlobalSection
	GlobalSection(SolutionProperties) = preSolution
		HideSolutionNode = FALSE
	EndGlobalSection
	GlobalSection(ExtensibilityGlobals) = postSolution
		SolutionGuid = {6FD15919-B1E9-410F-BE4E-4828E21CB8F8}
	EndGlobalSection
EndGlobal
